// !$*UTF8*$!
{
	archiveVersion = 1;
	classes = {
	};
	objectVersion = 46;
	objects = {

/* Begin PBXBuildFile section */
		9D21615A44F74309CE98E509 /* libPods.a in Frameworks */ = {isa = PBXBuildFile; fileRef = D9A2AA0BBF72E6AD0A1170C6 /* libPods.a */; };
		ABCB6FC31B5825CC00A0394B /* MainStoryboard.storyboard in Resources */ = {isa = PBXBuildFile; fileRef = ABCB6FC11B5825CC00A0394B /* MainStoryboard.storyboard */; };
		ABD3279D1B66FDF3004A0377 /* Images.xcassets in Resources */ = {isa = PBXBuildFile; fileRef = ABD3279C1B66FDF3004A0377 /* Images.xcassets */; };
		ABD3279F1B66FE3D004A0377 /* rtvlogo.jpg in Resources */ = {isa = PBXBuildFile; fileRef = ABD3279E1B66FE3D004A0377 /* rtvlogo.jpg */; };
		ABD327A11B66FE76004A0377 /* rtvlogo copy.jpg in Resources */ = {isa = PBXBuildFile; fileRef = ABD327A01B66FE76004A0377 /* rtvlogo copy.jpg */; };
		ABD327A31B66FEEF004A0377 /* rvtlogo.png in Resources */ = {isa = PBXBuildFile; fileRef = ABD327A21B66FEEF004A0377 /* rvtlogo.png */; };
		F419149E158D558600E54887 /* RecipeDetailViewController.m in Sources */ = {isa = PBXBuildFile; fileRef = F419149D158D558600E54887 /* RecipeDetailViewController.m */; };
		F447242715D78F07004A8C72 /* Recipe.m in Sources */ = {isa = PBXBuildFile; fileRef = F447242615D78F07004A8C72 /* Recipe.m */; };
		F447242B15D7B22E004A8C72 /* photo-frame.png in Resources */ = {isa = PBXBuildFile; fileRef = F447242915D7B22D004A8C72 /* photo-frame.png */; };
		F447242C15D7B22E004A8C72 /* photo-frame@2x.png in Resources */ = {isa = PBXBuildFile; fileRef = F447242A15D7B22D004A8C72 /* photo-frame@2x.png */; };
		F46F6AF917A8D31F00EA6224 /* Default-568h@2x.png in Resources */ = {isa = PBXBuildFile; fileRef = F46F6AF817A8D31F00EA6224 /* Default-568h@2x.png */; };
		F47929FF17A3FEEF005ABA86 /* Parse.framework in Frameworks */ = {isa = PBXBuildFile; fileRef = F47929FE17A3FEEF005ABA86 /* Parse.framework */; };
		F4792A0117A3FF14005ABA86 /* AudioToolbox.framework in Frameworks */ = {isa = PBXBuildFile; fileRef = F4792A0017A3FF14005ABA86 /* AudioToolbox.framework */; };
		F4792A0317A3FF1A005ABA86 /* CFNetwork.framework in Frameworks */ = {isa = PBXBuildFile; fileRef = F4792A0217A3FF1A005ABA86 /* CFNetwork.framework */; };
		F4792A0517A3FF27005ABA86 /* CoreLocation.framework in Frameworks */ = {isa = PBXBuildFile; fileRef = F4792A0417A3FF27005ABA86 /* CoreLocation.framework */; };
		F4792A0717A3FF32005ABA86 /* libz.1.1.3.dylib in Frameworks */ = {isa = PBXBuildFile; fileRef = F4792A0617A3FF32005ABA86 /* libz.1.1.3.dylib */; };
		F4792A0917A3FF39005ABA86 /* MobileCoreServices.framework in Frameworks */ = {isa = PBXBuildFile; fileRef = F4792A0817A3FF39005ABA86 /* MobileCoreServices.framework */; };
		F4792A0B17A3FF41005ABA86 /* QuartzCore.framework in Frameworks */ = {isa = PBXBuildFile; fileRef = F4792A0A17A3FF41005ABA86 /* QuartzCore.framework */; };
		F4792A0D17A3FF45005ABA86 /* Security.framework in Frameworks */ = {isa = PBXBuildFile; fileRef = F4792A0C17A3FF45005ABA86 /* Security.framework */; };
		F4792A1117A3FF50005ABA86 /* SystemConfiguration.framework in Frameworks */ = {isa = PBXBuildFile; fileRef = F4792A1017A3FF50005ABA86 /* SystemConfiguration.framework */; };
		F4792A1317A40C64005ABA86 /* placeholder.jpg in Resources */ = {isa = PBXBuildFile; fileRef = F4792A1217A40C64005ABA86 /* placeholder.jpg */; };
		F4AA6C2C1589A2DF0093D97E /* UIKit.framework in Frameworks */ = {isa = PBXBuildFile; fileRef = F4AA6C2B1589A2DF0093D97E /* UIKit.framework */; };
		F4AA6C2E1589A2DF0093D97E /* Foundation.framework in Frameworks */ = {isa = PBXBuildFile; fileRef = F4AA6C2D1589A2DF0093D97E /* Foundation.framework */; };
		F4AA6C301589A2DF0093D97E /* CoreGraphics.framework in Frameworks */ = {isa = PBXBuildFile; fileRef = F4AA6C2F1589A2DF0093D97E /* CoreGraphics.framework */; };
		F4AA6C361589A2DF0093D97E /* InfoPlist.strings in Resources */ = {isa = PBXBuildFile; fileRef = F4AA6C341589A2DF0093D97E /* InfoPlist.strings */; };
		F4AA6C381589A2DF0093D97E /* main.m in Sources */ = {isa = PBXBuildFile; fileRef = F4AA6C371589A2DF0093D97E /* main.m */; };
		F4AA6C3C1589A2DF0093D97E /* RecipeBookAppDelegate.m in Sources */ = {isa = PBXBuildFile; fileRef = F4AA6C3B1589A2DF0093D97E /* RecipeBookAppDelegate.m */; };
		F4AA6C421589A2DF0093D97E /* RecipeBookViewController.m in Sources */ = {isa = PBXBuildFile; fileRef = F4AA6C411589A2DF0093D97E /* RecipeBookViewController.m */; };
		F4DAE75A17B698FA006A879A /* NewRecipeViewController.m in Sources */ = {isa = PBXBuildFile; fileRef = F4DAE75917B698FA006A879A /* NewRecipeViewController.m */; };
		F4DAE75C17B74606006A879A /* add-photo-placeholder.png in Resources */ = {isa = PBXBuildFile; fileRef = F4DAE75B17B74606006A879A /* add-photo-placeholder.png */; };
		F4DAE76017B7656C006A879A /* MBProgressHUD.m in Sources */ = {isa = PBXBuildFile; fileRef = F4DAE75F17B7656C006A879A /* MBProgressHUD.m */; };
/* End PBXBuildFile section */

/* Begin PBXFileReference section */
		24C4674D520F9AC28AE0C386 /* Pods.release.xcconfig */ = {isa = PBXFileReference; includeInIndex = 1; lastKnownFileType = text.xcconfig; name = Pods.release.xcconfig; path = "Pods/Target Support Files/Pods/Pods.release.xcconfig"; sourceTree = "<group>"; };
		90BC3178589F48CE3A72FAA6 /* Pods.debug.xcconfig */ = {isa = PBXFileReference; includeInIndex = 1; lastKnownFileType = text.xcconfig; name = Pods.debug.xcconfig; path = "Pods/Target Support Files/Pods/Pods.debug.xcconfig"; sourceTree = "<group>"; };
		ABCB6FC21B5825CC00A0394B /* en */ = {isa = PBXFileReference; lastKnownFileType = file.storyboard; name = en; path = en.lproj/MainStoryboard.storyboard; sourceTree = "<group>"; };
		ABD3279C1B66FDF3004A0377 /* Images.xcassets */ = {isa = PBXFileReference; lastKnownFileType = folder.assetcatalog; name = Images.xcassets; path = rvt.temp_caseinsensitive_rename/Images.xcassets; sourceTree = "<group>"; };
		ABD3279E1B66FE3D004A0377 /* rtvlogo.jpg */ = {isa = PBXFileReference; lastKnownFileType = image.jpeg; path = rtvlogo.jpg; sourceTree = "<group>"; };
		ABD327A01B66FE76004A0377 /* rtvlogo copy.jpg */ = {isa = PBXFileReference; lastKnownFileType = image.jpeg; path = "rtvlogo copy.jpg"; sourceTree = "<group>"; };
		ABD327A21B66FEEF004A0377 /* rvtlogo.png */ = {isa = PBXFileReference; lastKnownFileType = image.png; path = rvtlogo.png; sourceTree = "<group>"; };
		D9A2AA0BBF72E6AD0A1170C6 /* libPods.a */ = {isa = PBXFileReference; explicitFileType = archive.ar; includeInIndex = 0; path = libPods.a; sourceTree = BUILT_PRODUCTS_DIR; };
		F419149C158D558600E54887 /* RecipeDetailViewController.h */ = {isa = PBXFileReference; fileEncoding = 4; lastKnownFileType = sourcecode.c.h; path = RecipeDetailViewController.h; sourceTree = "<group>"; };
		F419149D158D558600E54887 /* RecipeDetailViewController.m */ = {isa = PBXFileReference; fileEncoding = 4; lastKnownFileType = sourcecode.c.objc; path = RecipeDetailViewController.m; sourceTree = "<group>"; };
		F447242515D78F07004A8C72 /* Recipe.h */ = {isa = PBXFileReference; fileEncoding = 4; lastKnownFileType = sourcecode.c.h; path = Recipe.h; sourceTree = "<group>"; };
		F447242615D78F07004A8C72 /* Recipe.m */ = {isa = PBXFileReference; fileEncoding = 4; lastKnownFileType = sourcecode.c.objc; path = Recipe.m; sourceTree = "<group>"; };
		F447242915D7B22D004A8C72 /* photo-frame.png */ = {isa = PBXFileReference; lastKnownFileType = image.png; path = "photo-frame.png"; sourceTree = "<group>"; };
		F447242A15D7B22D004A8C72 /* photo-frame@2x.png */ = {isa = PBXFileReference; lastKnownFileType = image.png; path = "photo-frame@2x.png"; sourceTree = "<group>"; };
		F46F6AF817A8D31F00EA6224 /* Default-568h@2x.png */ = {isa = PBXFileReference; lastKnownFileType = image.png; name = "Default-568h@2x.png"; path = "../Default-568h@2x.png"; sourceTree = "<group>"; };
		F47929FE17A3FEEF005ABA86 /* Parse.framework */ = {isa = PBXFileReference; lastKnownFileType = wrapper.framework; path = Parse.framework; sourceTree = "<group>"; };
		F4792A0017A3FF14005ABA86 /* AudioToolbox.framework */ = {isa = PBXFileReference; lastKnownFileType = wrapper.framework; name = AudioToolbox.framework; path = System/Library/Frameworks/AudioToolbox.framework; sourceTree = SDKROOT; };
		F4792A0217A3FF1A005ABA86 /* CFNetwork.framework */ = {isa = PBXFileReference; lastKnownFileType = wrapper.framework; name = CFNetwork.framework; path = System/Library/Frameworks/CFNetwork.framework; sourceTree = SDKROOT; };
		F4792A0417A3FF27005ABA86 /* CoreLocation.framework */ = {isa = PBXFileReference; lastKnownFileType = wrapper.framework; name = CoreLocation.framework; path = System/Library/Frameworks/CoreLocation.framework; sourceTree = SDKROOT; };
		F4792A0617A3FF32005ABA86 /* libz.1.1.3.dylib */ = {isa = PBXFileReference; lastKnownFileType = "compiled.mach-o.dylib"; name = libz.1.1.3.dylib; path = usr/lib/libz.1.1.3.dylib; sourceTree = SDKROOT; };
		F4792A0817A3FF39005ABA86 /* MobileCoreServices.framework */ = {isa = PBXFileReference; lastKnownFileType = wrapper.framework; name = MobileCoreServices.framework; path = System/Library/Frameworks/MobileCoreServices.framework; sourceTree = SDKROOT; };
		F4792A0A17A3FF41005ABA86 /* QuartzCore.framework */ = {isa = PBXFileReference; lastKnownFileType = wrapper.framework; name = QuartzCore.framework; path = System/Library/Frameworks/QuartzCore.framework; sourceTree = SDKROOT; };
		F4792A0C17A3FF45005ABA86 /* Security.framework */ = {isa = PBXFileReference; lastKnownFileType = wrapper.framework; name = Security.framework; path = System/Library/Frameworks/Security.framework; sourceTree = SDKROOT; };
		F4792A1017A3FF50005ABA86 /* SystemConfiguration.framework */ = {isa = PBXFileReference; lastKnownFileType = wrapper.framework; name = SystemConfiguration.framework; path = System/Library/Frameworks/SystemConfiguration.framework; sourceTree = SDKROOT; };
		F4792A1217A40C64005ABA86 /* placeholder.jpg */ = {isa = PBXFileReference; lastKnownFileType = image.jpeg; path = placeholder.jpg; sourceTree = "<group>"; };
		F4AA6C271589A2DF0093D97E /* Real Time Volenteer.app */ = {isa = PBXFileReference; explicitFileType = wrapper.application; includeInIndex = 0; path = "Real Time Volenteer.app"; sourceTree = BUILT_PRODUCTS_DIR; };
		F4AA6C2B1589A2DF0093D97E /* UIKit.framework */ = {isa = PBXFileReference; lastKnownFileType = wrapper.framework; name = UIKit.framework; path = System/Library/Frameworks/UIKit.framework; sourceTree = SDKROOT; };
		F4AA6C2D1589A2DF0093D97E /* Foundation.framework */ = {isa = PBXFileReference; lastKnownFileType = wrapper.framework; name = Foundation.framework; path = System/Library/Frameworks/Foundation.framework; sourceTree = SDKROOT; };
		F4AA6C2F1589A2DF0093D97E /* CoreGraphics.framework */ = {isa = PBXFileReference; lastKnownFileType = wrapper.framework; name = CoreGraphics.framework; path = System/Library/Frameworks/CoreGraphics.framework; sourceTree = SDKROOT; };
		F4AA6C331589A2DF0093D97E /* Real Time Volenteer-Info.plist */ = {isa = PBXFileReference; lastKnownFileType = text.plist.xml; path = "Real Time Volenteer-Info.plist"; sourceTree = "<group>"; };
		F4AA6C351589A2DF0093D97E /* en */ = {isa = PBXFileReference; lastKnownFileType = text.plist.strings; name = en; path = en.lproj/InfoPlist.strings; sourceTree = "<group>"; };
		F4AA6C371589A2DF0093D97E /* main.m */ = {isa = PBXFileReference; lastKnownFileType = sourcecode.c.objc; path = main.m; sourceTree = "<group>"; };
		F4AA6C391589A2DF0093D97E /* Real Time Volenteer-Prefix.pch */ = {isa = PBXFileReference; lastKnownFileType = sourcecode.c.h; path = "Real Time Volenteer-Prefix.pch"; sourceTree = "<group>"; };
		F4AA6C3A1589A2DF0093D97E /* RecipeBookAppDelegate.h */ = {isa = PBXFileReference; lastKnownFileType = sourcecode.c.h; path = RecipeBookAppDelegate.h; sourceTree = "<group>"; };
		F4AA6C3B1589A2DF0093D97E /* RecipeBookAppDelegate.m */ = {isa = PBXFileReference; lastKnownFileType = sourcecode.c.objc; path = RecipeBookAppDelegate.m; sourceTree = "<group>"; };
		F4AA6C401589A2DF0093D97E /* RecipeBookViewController.h */ = {isa = PBXFileReference; lastKnownFileType = sourcecode.c.h; path = RecipeBookViewController.h; sourceTree = "<group>"; };
		F4AA6C411589A2DF0093D97E /* RecipeBookViewController.m */ = {isa = PBXFileReference; lastKnownFileType = sourcecode.c.objc; path = RecipeBookViewController.m; sourceTree = "<group>"; };
		F4DAE75817B698FA006A879A /* NewRecipeViewController.h */ = {isa = PBXFileReference; fileEncoding = 4; lastKnownFileType = sourcecode.c.h; path = NewRecipeViewController.h; sourceTree = "<group>"; };
		F4DAE75917B698FA006A879A /* NewRecipeViewController.m */ = {isa = PBXFileReference; fileEncoding = 4; lastKnownFileType = sourcecode.c.objc; path = NewRecipeViewController.m; sourceTree = "<group>"; };
		F4DAE75B17B74606006A879A /* add-photo-placeholder.png */ = {isa = PBXFileReference; lastKnownFileType = image.png; path = "add-photo-placeholder.png"; sourceTree = "<group>"; };
		F4DAE75E17B7656C006A879A /* MBProgressHUD.h */ = {isa = PBXFileReference; fileEncoding = 4; lastKnownFileType = sourcecode.c.h; path = MBProgressHUD.h; sourceTree = "<group>"; };
		F4DAE75F17B7656C006A879A /* MBProgressHUD.m */ = {isa = PBXFileReference; fileEncoding = 4; lastKnownFileType = sourcecode.c.objc; path = MBProgressHUD.m; sourceTree = "<group>"; };
/* End PBXFileReference section */

/* Begin PBXFrameworksBuildPhase section */
		F4AA6C241589A2DF0093D97E /* Frameworks */ = {
			isa = PBXFrameworksBuildPhase;
			buildActionMask = 2147483647;
			files = (
				F4792A0917A3FF39005ABA86 /* MobileCoreServices.framework in Frameworks */,
				F4792A1117A3FF50005ABA86 /* SystemConfiguration.framework in Frameworks */,
				F4792A0D17A3FF45005ABA86 /* Security.framework in Frameworks */,
				F4792A0B17A3FF41005ABA86 /* QuartzCore.framework in Frameworks */,
				F4792A0717A3FF32005ABA86 /* libz.1.1.3.dylib in Frameworks */,
				F4792A0517A3FF27005ABA86 /* CoreLocation.framework in Frameworks */,
				F4AA6C301589A2DF0093D97E /* CoreGraphics.framework in Frameworks */,
				F4792A0317A3FF1A005ABA86 /* CFNetwork.framework in Frameworks */,
				F4792A0117A3FF14005ABA86 /* AudioToolbox.framework in Frameworks */,
				F4AA6C2C1589A2DF0093D97E /* UIKit.framework in Frameworks */,
				F4AA6C2E1589A2DF0093D97E /* Foundation.framework in Frameworks */,
				F47929FF17A3FEEF005ABA86 /* Parse.framework in Frameworks */,
				9D21615A44F74309CE98E509 /* libPods.a in Frameworks */,
			);
			runOnlyForDeploymentPostprocessing = 0;
		};
/* End PBXFrameworksBuildPhase section */

/* Begin PBXGroup section */
		C75A98B2E762FD668A85F941 /* Pods */ = {
			isa = PBXGroup;
			children = (
				90BC3178589F48CE3A72FAA6 /* Pods.debug.xcconfig */,
				24C4674D520F9AC28AE0C386 /* Pods.release.xcconfig */,
			);
			name = Pods;
			sourceTree = "<group>";
		};
		F47929FD17A3FEA7005ABA86 /* images */ = {
			isa = PBXGroup;
			children = (
				F4DAE75B17B74606006A879A /* add-photo-placeholder.png */,
				ABD327A01B66FE76004A0377 /* rtvlogo copy.jpg */,
				F46F6AF817A8D31F00EA6224 /* Default-568h@2x.png */,
				ABD327A21B66FEEF004A0377 /* rvtlogo.png */,
				ABD3279E1B66FE3D004A0377 /* rtvlogo.jpg */,
				F4792A1217A40C64005ABA86 /* placeholder.jpg */,
				F447242915D7B22D004A8C72 /* photo-frame.png */,
				F447242A15D7B22D004A8C72 /* photo-frame@2x.png */,
			);
			name = images;
			sourceTree = "<group>";
		};
		F4AA6C1C1589A2DF0093D97E = {
			isa = PBXGroup;
			children = (
				ABD3279C1B66FDF3004A0377 /* Images.xcassets */,
				F4AA6C311589A2DF0093D97E /* RecipeBook */,
				F4AA6C2A1589A2DF0093D97E /* Frameworks */,
				F4AA6C281589A2DF0093D97E /* Products */,
				C75A98B2E762FD668A85F941 /* Pods */,
			);
			sourceTree = "<group>";
		};
		F4AA6C281589A2DF0093D97E /* Products */ = {
			isa = PBXGroup;
			children = (
				F4AA6C271589A2DF0093D97E /* Real Time Volenteer.app */,
			);
			name = Products;
			sourceTree = "<group>";
		};
		F4AA6C2A1589A2DF0093D97E /* Frameworks */ = {
			isa = PBXGroup;
			children = (
				F4792A1017A3FF50005ABA86 /* SystemConfiguration.framework */,
				F4792A0C17A3FF45005ABA86 /* Security.framework */,
				F4792A0A17A3FF41005ABA86 /* QuartzCore.framework */,
				F4792A0817A3FF39005ABA86 /* MobileCoreServices.framework */,
				F4792A0617A3FF32005ABA86 /* libz.1.1.3.dylib */,
				F4792A0417A3FF27005ABA86 /* CoreLocation.framework */,
				F4792A0217A3FF1A005ABA86 /* CFNetwork.framework */,
				F4792A0017A3FF14005ABA86 /* AudioToolbox.framework */,
				F47929FE17A3FEEF005ABA86 /* Parse.framework */,
				F4AA6C2B1589A2DF0093D97E /* UIKit.framework */,
				F4AA6C2D1589A2DF0093D97E /* Foundation.framework */,
				F4AA6C2F1589A2DF0093D97E /* CoreGraphics.framework */,
				D9A2AA0BBF72E6AD0A1170C6 /* libPods.a */,
			);
			name = Frameworks;
			sourceTree = "<group>";
		};
		F4AA6C311589A2DF0093D97E /* RecipeBook */ = {
			isa = PBXGroup;
			children = (
				F4DAE75D17B76555006A879A /* MBProgressHUB */,
				F4AA6C3A1589A2DF0093D97E /* RecipeBookAppDelegate.h */,
				F4AA6C3B1589A2DF0093D97E /* RecipeBookAppDelegate.m */,
				F4AA6C401589A2DF0093D97E /* RecipeBookViewController.h */,
				F4AA6C411589A2DF0093D97E /* RecipeBookViewController.m */,
				F419149C158D558600E54887 /* RecipeDetailViewController.h */,
				F419149D158D558600E54887 /* RecipeDetailViewController.m */,
				F4DAE75817B698FA006A879A /* NewRecipeViewController.h */,
				F4DAE75917B698FA006A879A /* NewRecipeViewController.m */,
				F447242515D78F07004A8C72 /* Recipe.h */,
				F447242615D78F07004A8C72 /* Recipe.m */,
				F4AA6C321589A2DF0093D97E /* Supporting Files */,
			);
			path = RecipeBook;
			sourceTree = "<group>";
		};
		F4AA6C321589A2DF0093D97E /* Supporting Files */ = {
			isa = PBXGroup;
			children = (
				F47929FD17A3FEA7005ABA86 /* images */,
				F4AA6C331589A2DF0093D97E /* Real Time Volenteer-Info.plist */,
				F4AA6C341589A2DF0093D97E /* InfoPlist.strings */,
				F4AA6C371589A2DF0093D97E /* main.m */,
				F4AA6C391589A2DF0093D97E /* Real Time Volenteer-Prefix.pch */,
			);
			name = "Supporting Files";
			sourceTree = "<group>";
		};
		F4DAE75D17B76555006A879A /* MBProgressHUB */ = {
			isa = PBXGroup;
			children = (
				F4DAE75E17B7656C006A879A /* MBProgressHUD.h */,
				ABCB6FC11B5825CC00A0394B /* MainStoryboard.storyboard */,
				F4DAE75F17B7656C006A879A /* MBProgressHUD.m */,
			);
			name = MBProgressHUB;
			sourceTree = "<group>";
		};
/* End PBXGroup section */

/* Begin PBXNativeTarget section */
		F4AA6C261589A2DF0093D97E /* rvt.temp_caseinsensitive_rename */ = {
			isa = PBXNativeTarget;
			buildConfigurationList = F4AA6C451589A2DF0093D97E /* Build configuration list for PBXNativeTarget "rvt.temp_caseinsensitive_rename" */;
			buildPhases = (
				E182CF95C626BC582881CF02 /* Check Pods Manifest.lock */,
				F4AA6C231589A2DF0093D97E /* Sources */,
				F4AA6C241589A2DF0093D97E /* Frameworks */,
				F4AA6C251589A2DF0093D97E /* Resources */,
				4E1EE8E5F142C5B5DC2EECFB /* Copy Pods Resources */,
			);
			buildRules = (
			);
			dependencies = (
			);
			name = rvt.temp_caseinsensitive_rename;
			productName = RecipeBook;
			productReference = F4AA6C271589A2DF0093D97E /* Real Time Volenteer.app */;
			productType = "com.apple.product-type.application";
		};
/* End PBXNativeTarget section */

/* Begin PBXProject section */
		F4AA6C1E1589A2DF0093D97E /* Project object */ = {
			isa = PBXProject;
			attributes = {
				CLASSPREFIX = RecipeBook;
				LastUpgradeCheck = 0430;
				TargetAttributes = {
					F4AA6C261589A2DF0093D97E = {
						DevelopmentTeam = HXAUJAN47Z;
						SystemCapabilities = {
							com.apple.InAppPurchase = {
								enabled = 0;
							};
						};
					};
				};
			};
			buildConfigurationList = F4AA6C211589A2DF0093D97E /* Build configuration list for PBXProject "Real-Time-Volenteer" */;
			compatibilityVersion = "Xcode 3.2";
			developmentRegion = English;
			hasScannedForEncodings = 0;
			knownRegions = (
				en,
			);
			mainGroup = F4AA6C1C1589A2DF0093D97E;
			productRefGroup = F4AA6C281589A2DF0093D97E /* Products */;
			projectDirPath = "";
			projectRoot = "";
			targets = (
				F4AA6C261589A2DF0093D97E /* rvt.temp_caseinsensitive_rename */,
			);
		};
/* End PBXProject section */

/* Begin PBXResourcesBuildPhase section */
		F4AA6C251589A2DF0093D97E /* Resources */ = {
			isa = PBXResourcesBuildPhase;
			buildActionMask = 2147483647;
			files = (
				F4AA6C361589A2DF0093D97E /* InfoPlist.strings in Resources */,
				ABD3279D1B66FDF3004A0377 /* Images.xcassets in Resources */,
				ABD327A31B66FEEF004A0377 /* rvtlogo.png in Resources */,
				F447242B15D7B22E004A8C72 /* photo-frame.png in Resources */,
				F447242C15D7B22E004A8C72 /* photo-frame@2x.png in Resources */,
				ABCB6FC31B5825CC00A0394B /* MainStoryboard.storyboard in Resources */,
				ABD3279F1B66FE3D004A0377 /* rtvlogo.jpg in Resources */,
				F4792A1317A40C64005ABA86 /* placeholder.jpg in Resources */,
				F46F6AF917A8D31F00EA6224 /* Default-568h@2x.png in Resources */,
				F4DAE75C17B74606006A879A /* add-photo-placeholder.png in Resources */,
				ABD327A11B66FE76004A0377 /* rtvlogo copy.jpg in Resources */,
			);
			runOnlyForDeploymentPostprocessing = 0;
		};
/* End PBXResourcesBuildPhase section */

/* Begin PBXShellScriptBuildPhase section */
		4E1EE8E5F142C5B5DC2EECFB /* Copy Pods Resources */ = {
			isa = PBXShellScriptBuildPhase;
			buildActionMask = 2147483647;
			files = (
			);
			inputPaths = (
			);
			name = "Copy Pods Resources";
			outputPaths = (
			);
			runOnlyForDeploymentPostprocessing = 0;
			shellPath = /bin/sh;
			shellScript = "\"${SRCROOT}/Pods/Target Support Files/Pods/Pods-resources.sh\"\n";
			showEnvVarsInLog = 0;
		};
		E182CF95C626BC582881CF02 /* Check Pods Manifest.lock */ = {
			isa = PBXShellScriptBuildPhase;
			buildActionMask = 2147483647;
			files = (
			);
			inputPaths = (
			);
			name = "Check Pods Manifest.lock";
			outputPaths = (
			);
			runOnlyForDeploymentPostprocessing = 0;
			shellPath = /bin/sh;
			shellScript = "diff \"${PODS_ROOT}/../Podfile.lock\" \"${PODS_ROOT}/Manifest.lock\" > /dev/null\nif [[ $? != 0 ]] ; then\n    cat << EOM\nerror: The sandbox is not in sync with the Podfile.lock. Run 'pod install' or update your CocoaPods installation.\nEOM\n    exit 1\nfi\n";
			showEnvVarsInLog = 0;
		};
/* End PBXShellScriptBuildPhase section */

/* Begin PBXSourcesBuildPhase section */
		F4AA6C231589A2DF0093D97E /* Sources */ = {
			isa = PBXSourcesBuildPhase;
			buildActionMask = 2147483647;
			files = (
				F4AA6C381589A2DF0093D97E /* main.m in Sources */,
				F4AA6C3C1589A2DF0093D97E /* RecipeBookAppDelegate.m in Sources */,
				F4AA6C421589A2DF0093D97E /* RecipeBookViewController.m in Sources */,
				F419149E158D558600E54887 /* RecipeDetailViewController.m in Sources */,
				F447242715D78F07004A8C72 /* Recipe.m in Sources */,
				F4DAE75A17B698FA006A879A /* NewRecipeViewController.m in Sources */,
				F4DAE76017B7656C006A879A /* MBProgressHUD.m in Sources */,
			);
			runOnlyForDeploymentPostprocessing = 0;
		};
/* End PBXSourcesBuildPhase section */

/* Begin PBXVariantGroup section */
		ABCB6FC11B5825CC00A0394B /* MainStoryboard.storyboard */ = {
			isa = PBXVariantGroup;
			children = (
				ABCB6FC21B5825CC00A0394B /* en */,
			);
			name = MainStoryboard.storyboard;
			sourceTree = "<group>";
		};
		F4AA6C341589A2DF0093D97E /* InfoPlist.strings */ = {
			isa = PBXVariantGroup;
			children = (
				F4AA6C351589A2DF0093D97E /* en */,
			);
			name = InfoPlist.strings;
			sourceTree = "<group>";
		};
/* End PBXVariantGroup section */

/* Begin XCBuildConfiguration section */
		F4AA6C431589A2DF0093D97E /* Debug */ = {
			isa = XCBuildConfiguration;
			buildSettings = {
				ALWAYS_SEARCH_USER_PATHS = NO;
				ARCHS = "$(ARCHS_STANDARD)";
				CLANG_ENABLE_OBJC_ARC = YES;
				"CODE_SIGN_IDENTITY[sdk=iphoneos*]" = "iPhone Developer";
				COPY_PHASE_STRIP = NO;
				GCC_C_LANGUAGE_STANDARD = gnu99;
				GCC_DYNAMIC_NO_PIC = NO;
				GCC_OPTIMIZATION_LEVEL = 0;
				GCC_PREPROCESSOR_DEFINITIONS = (
					"DEBUG=1",
					"$(inherited)",
				);
				GCC_SYMBOLS_PRIVATE_EXTERN = NO;
				GCC_VERSION = com.apple.compilers.llvm.clang.1_0;
				GCC_WARN_ABOUT_RETURN_TYPE = YES;
				GCC_WARN_UNINITIALIZED_AUTOS = YES;
				GCC_WARN_UNUSED_VARIABLE = YES;
				IPHONEOS_DEPLOYMENT_TARGET = 5.1.1;
				SDKROOT = iphoneos;
			};
			name = Debug;
		};
		F4AA6C441589A2DF0093D97E /* Release */ = {
			isa = XCBuildConfiguration;
			buildSettings = {
				ALWAYS_SEARCH_USER_PATHS = NO;
				ARCHS = "$(ARCHS_STANDARD)";
				CLANG_ENABLE_OBJC_ARC = YES;
				"CODE_SIGN_IDENTITY[sdk=iphoneos*]" = "iPhone Developer";
				COPY_PHASE_STRIP = YES;
				GCC_C_LANGUAGE_STANDARD = gnu99;
				GCC_VERSION = com.apple.compilers.llvm.clang.1_0;
				GCC_WARN_ABOUT_RETURN_TYPE = YES;
				GCC_WARN_UNINITIALIZED_AUTOS = YES;
				GCC_WARN_UNUSED_VARIABLE = YES;
				IPHONEOS_DEPLOYMENT_TARGET = 5.1.1;
				OTHER_CFLAGS = "-DNS_BLOCK_ASSERTIONS=1";
				SDKROOT = iphoneos;
				VALIDATE_PRODUCT = YES;
			};
			name = Release;
		};
		F4AA6C461589A2DF0093D97E /* Debug */ = {
			isa = XCBuildConfiguration;
			baseConfigurationReference = 90BC3178589F48CE3A72FAA6 /* Pods.debug.xcconfig */;
			buildSettings = {
				ASSETCATALOG_COMPILER_APPICON_NAME = "AppIcon-2";
				ASSETCATALOG_COMPILER_LAUNCHIMAGE_NAME = LaunchImage;
				CODE_SIGN_IDENTITY = "iPhone Developer";
				"CODE_SIGN_IDENTITY[sdk=iphoneos*]" = "iPhone Developer";
				FRAMEWORK_SEARCH_PATHS = (
					"$(inherited)",
					"\"$(SRCROOT)\"",
				);
				GCC_PRECOMPILE_PREFIX_HEADER = YES;
				GCC_PREFIX_HEADER = "RecipeBook/Real Time Volenteer-Prefix.pch";
				INFOPLIST_FILE = "RecipeBook/Real Time Volenteer-Info.plist";
				IPHONEOS_DEPLOYMENT_TARGET = 8.4;
				PRODUCT_NAME = "Real Time Volenteer";
				PROVISIONING_PROFILE = "";
				TARGETED_DEVICE_FAMILY = 1;
				WRAPPER_EXTENSION = app;
			};
			name = Debug;
		};
		F4AA6C471589A2DF0093D97E /* Release */ = {
			isa = XCBuildConfiguration;
			baseConfigurationReference = 24C4674D520F9AC28AE0C386 /* Pods.release.xcconfig */;
			buildSettings = {
				ASSETCATALOG_COMPILER_APPICON_NAME = "AppIcon-2";
				ASSETCATALOG_COMPILER_LAUNCHIMAGE_NAME = LaunchImage;
				CODE_SIGN_IDENTITY = "iPhone Developer";
				"CODE_SIGN_IDENTITY[sdk=iphoneos*]" = "iPhone Developer";
				FRAMEWORK_SEARCH_PATHS = (
					"$(inherited)",
					"\"$(SRCROOT)\"",
				);
				GCC_PRECOMPILE_PREFIX_HEADER = YES;
				GCC_PREFIX_HEADER = "RecipeBook/Real Time Volenteer-Prefix.pch";
				INFOPLIST_FILE = "RecipeBook/Real Time Volenteer-Info.plist";
				IPHONEOS_DEPLOYMENT_TARGET = 8.4;
				PRODUCT_NAME = "Real Time Volenteer";
				PROVISIONING_PROFILE = "";
				TARGETED_DEVICE_FAMILY = 1;
				WRAPPER_EXTENSION = app;
			};
			name = Release;
		};
/* End XCBuildConfiguration section */

/* Begin XCConfigurationList section */
		F4AA6C211589A2DF0093D97E /* Build configuration list for PBXProject "Real-Time-Volenteer" */ = {
			isa = XCConfigurationList;
			buildConfigurations = (
				F4AA6C431589A2DF0093D97E /* Debug */,
				F4AA6C441589A2DF0093D97E /* Release */,
			);
			defaultConfigurationIsVisible = 0;
			defaultConfigurationName = Release;
		};
		F4AA6C451589A2DF0093D97E /* Build configuration list for PBXNativeTarget "rvt.temp_caseinsensitive_rename" */ = {
			isa = XCConfigurationList;
			buildConfigurations = (
				F4AA6C461589A2DF0093D97E /* Debug */,
				F4AA6C471589A2DF0093D97E /* Release */,
			);
			defaultConfigurationIsVisible = 0;
			defaultConfigurationName = Release;
		};
/* End XCConfigurationList section */
	};
	rootObject = F4AA6C1E1589A2DF0093D97E /* Project object */;
}
